
Microsoft Visual Studio Solution File, Format Version 12.00
# Visual Studio Version 16
VisualStudioVersion = 16.0.29509.3
MinimumVisualStudioVersion = 10.0.40219.1
Project("{FAE04EC0-301F-11D3-BF4B-00C04F79EFBC}") = "P.I_PUJOL", "PI_PUJOL\P.I_PUJOL.csproj", "{B9EA5E72-4859-44E6-9017-19FB7295F5F2}"
EndProject
Project("{FAE04EC0-301F-11D3-BF4B-00C04F79EFBC}") = "UnitTestProject_PUJOL", "UnitTestProject_PUJOL\UnitTestProject_PUJOL.csproj", "{F218710C-CD18-486F-A322-645BCED96B61}"
EndProject
Global
	GlobalSection(SolutionConfigurationPlatforms) = preSolution
		Debug|Any CPU = Debug|Any CPU
		Release|Any CPU = Release|Any CPU
	EndGlobalSection
	GlobalSection(ProjectConfigurationPlatforms) = postSolution
		{B9EA5E72-4859-44E6-9017-19FB7295F5F2}.Debug|Any CPU.ActiveCfg = Debug|Any CPU
		{B9EA5E72-4859-44E6-9017-19FB7295F5F2}.Debug|Any CPU.Build.0 = Debug|Any CPU
		{B9EA5E72-4859-44E6-9017-19FB7295F5F2}.Release|Any CPU.ActiveCfg = Release|Any CPU
		{B9EA5E72-4859-44E6-9017-19FB7295F5F2}.Release|Any CPU.Build.0 = Release|Any CPU
		{F218710C-CD18-486F-A322-645BCED96B61}.Debug|Any CPU.ActiveCfg = Debug|Any CPU
		{F218710C-CD18-486F-A322-645BCED96B61}.Debug|Any CPU.Build.0 = Debug|Any CPU
		{F218710C-CD18-486F-A322-645BCED96B61}.Release|Any CPU.ActiveCfg = Release|Any CPU
		{F218710C-CD18-486F-A322-645BCED96B61}.Release|Any CPU.Build.0 = Release|Any CPU
	EndGlobalSection
	GlobalSection(SolutionProperties) = preSolution
		HideSolutionNode = FALSE
	EndGlobalSection
	GlobalSection(ExtensibilityGlobals) = postSolution
		SolutionGuid = {6530D7CB-EC7F-4043-A0DA-089ED4C22738}
	EndGlobalSection
EndGlobal
